// !$*UTF8*$!
{
	archiveVersion = 1;
	classes = {
	};
	objectVersion = 46;
	objects = {

/* Begin PBXBuildFile section */
		B142B0B01C7D7E7500443122 /* main.m in Sources */ = {isa = PBXBuildFile; fileRef = B142B0AF1C7D7E7500443122 /* main.m */; };
		B142B0B31C7D7E7500443122 /* AppDelegate.m in Sources */ = {isa = PBXBuildFile; fileRef = B142B0B21C7D7E7500443122 /* AppDelegate.m */; };
		B142B0B61C7D7E7500443122 /* ViewController.m in Sources */ = {isa = PBXBuildFile; fileRef = B142B0B51C7D7E7500443122 /* ViewController.m */; };
		B142B0B91C7D7E7500443122 /* Main.storyboard in Resources */ = {isa = PBXBuildFile; fileRef = B142B0B71C7D7E7500443122 /* Main.storyboard */; };
		B142B0BB1C7D7E7500443122 /* Assets.xcassets in Resources */ = {isa = PBXBuildFile; fileRef = B142B0BA1C7D7E7500443122 /* Assets.xcassets */; };
		B142B0BE1C7D7E7500443122 /* LaunchScreen.storyboard in Resources */ = {isa = PBXBuildFile; fileRef = B142B0BC1C7D7E7500443122 /* LaunchScreen.storyboard */; };
		B18F6F2A1C7D7F84008A0E63 /* AFHTTPRequestOperation.m in Sources */ = {isa = PBXBuildFile; fileRef = B18F6F181C7D7F84008A0E63 /* AFHTTPRequestOperation.m */; };
		B18F6F2B1C7D7F84008A0E63 /* AFHTTPRequestOperationManager.m in Sources */ = {isa = PBXBuildFile; fileRef = B18F6F1A1C7D7F84008A0E63 /* AFHTTPRequestOperationManager.m */; };
		B18F6F2C1C7D7F84008A0E63 /* AFHTTPSessionManager.m in Sources */ = {isa = PBXBuildFile; fileRef = B18F6F1C1C7D7F84008A0E63 /* AFHTTPSessionManager.m */; };
		B18F6F2D1C7D7F84008A0E63 /* AFNetworkReachabilityManager.m in Sources */ = {isa = PBXBuildFile; fileRef = B18F6F1F1C7D7F84008A0E63 /* AFNetworkReachabilityManager.m */; };
		B18F6F2E1C7D7F84008A0E63 /* AFSecurityPolicy.m in Sources */ = {isa = PBXBuildFile; fileRef = B18F6F211C7D7F84008A0E63 /* AFSecurityPolicy.m */; };
		B18F6F2F1C7D7F84008A0E63 /* AFURLConnectionOperation.m in Sources */ = {isa = PBXBuildFile; fileRef = B18F6F231C7D7F84008A0E63 /* AFURLConnectionOperation.m */; };
		B18F6F301C7D7F84008A0E63 /* AFURLRequestSerialization.m in Sources */ = {isa = PBXBuildFile; fileRef = B18F6F251C7D7F84008A0E63 /* AFURLRequestSerialization.m */; };
		B18F6F311C7D7F84008A0E63 /* AFURLResponseSerialization.m in Sources */ = {isa = PBXBuildFile; fileRef = B18F6F271C7D7F84008A0E63 /* AFURLResponseSerialization.m */; };
		B18F6F321C7D7F84008A0E63 /* AFURLSessionManager.m in Sources */ = {isa = PBXBuildFile; fileRef = B18F6F291C7D7F84008A0E63 /* AFURLSessionManager.m */; };
		B18F6F341C7D7FB3008A0E63 /* MobileCoreServices.framework in Frameworks */ = {isa = PBXBuildFile; fileRef = B18F6F331C7D7FB3008A0E63 /* MobileCoreServices.framework */; };
		B18F6F361C7D7FBE008A0E63 /* Security.framework in Frameworks */ = {isa = PBXBuildFile; fileRef = B18F6F351C7D7FBE008A0E63 /* Security.framework */; };
		B18F6F381C7D7FD2008A0E63 /* SystemConfiguration.framework in Frameworks */ = {isa = PBXBuildFile; fileRef = B18F6F371C7D7FD2008A0E63 /* SystemConfiguration.framework */; };
		B1F695AC1C7D8EEB00093E82 /* NSObject+JSONCategories.m in Sources */ = {isa = PBXBuildFile; fileRef = B1F695A91C7D8EEB00093E82 /* NSObject+JSONCategories.m */; };
		B1F695AD1C7D8EEB00093E82 /* NSString+JSONCategories.m in Sources */ = {isa = PBXBuildFile; fileRef = B1F695AB1C7D8EEB00093E82 /* NSString+JSONCategories.m */; };
		B1F695B71C7D8F4300093E82 /* NSDictionary+JSONString.m in Sources */ = {isa = PBXBuildFile; fileRef = B1F695B01C7D8F4300093E82 /* NSDictionary+JSONString.m */; };
		B1F695B81C7D8F4300093E82 /* NSDictionary+SafeAccess.m in Sources */ = {isa = PBXBuildFile; fileRef = B1F695B21C7D8F4300093E82 /* NSDictionary+SafeAccess.m */; };
		B1F695B91C7D8F4300093E82 /* NSString+DictionaryValue.m in Sources */ = {isa = PBXBuildFile; fileRef = B1F695B41C7D8F4300093E82 /* NSString+DictionaryValue.m */; };
		B1F695BA1C7D8F4300093E82 /* NSString+Hash.m in Sources */ = {isa = PBXBuildFile; fileRef = B1F695B61C7D8F4300093E82 /* NSString+Hash.m */; };
/* End PBXBuildFile section */

/* Begin PBXFileReference section */
		B142B0AB1C7D7E7500443122 /* AFNetworkingTest.app */ = {isa = PBXFileReference; explicitFileType = wrapper.application; includeInIndex = 0; path = AFNetworkingTest.app; sourceTree = BUILT_PRODUCTS_DIR; };
		B142B0AF1C7D7E7500443122 /* main.m */ = {isa = PBXFileReference; lastKnownFileType = sourcecode.c.objc; path = main.m; sourceTree = "<group>"; };
		B142B0B11C7D7E7500443122 /* AppDelegate.h */ = {isa = PBXFileReference; lastKnownFileType = sourcecode.c.h; path = AppDelegate.h; sourceTree = "<group>"; };
		B142B0B21C7D7E7500443122 /* AppDelegate.m */ = {isa = PBXFileReference; lastKnownFileType = sourcecode.c.objc; path = AppDelegate.m; sourceTree = "<group>"; };
		B142B0B41C7D7E7500443122 /* ViewController.h */ = {isa = PBXFileReference; lastKnownFileType = sourcecode.c.h; path = ViewController.h; sourceTree = "<group>"; };
		B142B0B51C7D7E7500443122 /* ViewController.m */ = {isa = PBXFileReference; lastKnownFileType = sourcecode.c.objc; path = ViewController.m; sourceTree = "<group>"; };
		B142B0B81C7D7E7500443122 /* Base */ = {isa = PBXFileReference; lastKnownFileType = file.storyboard; name = Base; path = Base.lproj/Main.storyboard; sourceTree = "<group>"; };
		B142B0BA1C7D7E7500443122 /* Assets.xcassets */ = {isa = PBXFileReference; lastKnownFileType = folder.assetcatalog; path = Assets.xcassets; sourceTree = "<group>"; };
		B142B0BD1C7D7E7500443122 /* Base */ = {isa = PBXFileReference; lastKnownFileType = file.storyboard; name = Base; path = Base.lproj/LaunchScreen.storyboard; sourceTree = "<group>"; };
		B142B0BF1C7D7E7500443122 /* Info.plist */ = {isa = PBXFileReference; lastKnownFileType = text.plist.xml; path = Info.plist; sourceTree = "<group>"; };
		B18F6F171C7D7F84008A0E63 /* AFHTTPRequestOperation.h */ = {isa = PBXFileReference; fileEncoding = 4; lastKnownFileType = sourcecode.c.h; path = AFHTTPRequestOperation.h; sourceTree = "<group>"; };
		B18F6F181C7D7F84008A0E63 /* AFHTTPRequestOperation.m */ = {isa = PBXFileReference; fileEncoding = 4; lastKnownFileType = sourcecode.c.objc; path = AFHTTPRequestOperation.m; sourceTree = "<group>"; };
		B18F6F191C7D7F84008A0E63 /* AFHTTPRequestOperationManager.h */ = {isa = PBXFileReference; fileEncoding = 4; lastKnownFileType = sourcecode.c.h; path = AFHTTPRequestOperationManager.h; sourceTree = "<group>"; };
		B18F6F1A1C7D7F84008A0E63 /* AFHTTPRequestOperationManager.m */ = {isa = PBXFileReference; fileEncoding = 4; lastKnownFileType = sourcecode.c.objc; path = AFHTTPRequestOperationManager.m; sourceTree = "<group>"; };
		B18F6F1B1C7D7F84008A0E63 /* AFHTTPSessionManager.h */ = {isa = PBXFileReference; fileEncoding = 4; lastKnownFileType = sourcecode.c.h; path = AFHTTPSessionManager.h; sourceTree = "<group>"; };
		B18F6F1C1C7D7F84008A0E63 /* AFHTTPSessionManager.m */ = {isa = PBXFileReference; fileEncoding = 4; lastKnownFileType = sourcecode.c.objc; path = AFHTTPSessionManager.m; sourceTree = "<group>"; };
		B18F6F1D1C7D7F84008A0E63 /* AFNetworking.h */ = {isa = PBXFileReference; fileEncoding = 4; lastKnownFileType = sourcecode.c.h; path = AFNetworking.h; sourceTree = "<group>"; };
		B18F6F1E1C7D7F84008A0E63 /* AFNetworkReachabilityManager.h */ = {isa = PBXFileReference; fileEncoding = 4; lastKnownFileType = sourcecode.c.h; path = AFNetworkReachabilityManager.h; sourceTree = "<group>"; };
		B18F6F1F1C7D7F84008A0E63 /* AFNetworkReachabilityManager.m */ = {isa = PBXFileReference; fileEncoding = 4; lastKnownFileType = sourcecode.c.objc; path = AFNetworkReachabilityManager.m; sourceTree = "<group>"; };
		B18F6F201C7D7F84008A0E63 /* AFSecurityPolicy.h */ = {isa = PBXFileReference; fileEncoding = 4; lastKnownFileType = sourcecode.c.h; path = AFSecurityPolicy.h; sourceTree = "<group>"; };
		B18F6F211C7D7F84008A0E63 /* AFSecurityPolicy.m */ = {isa = PBXFileReference; fileEncoding = 4; lastKnownFileType = sourcecode.c.objc; path = AFSecurityPolicy.m; sourceTree = "<group>"; };
		B18F6F221C7D7F84008A0E63 /* AFURLConnectionOperation.h */ = {isa = PBXFileReference; fileEncoding = 4; lastKnownFileType = sourcecode.c.h; path = AFURLConnectionOperation.h; sourceTree = "<group>"; };
		B18F6F231C7D7F84008A0E63 /* AFURLConnectionOperation.m */ = {isa = PBXFileReference; fileEncoding = 4; lastKnownFileType = sourcecode.c.objc; path = AFURLConnectionOperation.m; sourceTree = "<group>"; };
		B18F6F241C7D7F84008A0E63 /* AFURLRequestSerialization.h */ = {isa = PBXFileReference; fileEncoding = 4; lastKnownFileType = sourcecode.c.h; path = AFURLRequestSerialization.h; sourceTree = "<group>"; };
		B18F6F251C7D7F84008A0E63 /* AFURLRequestSerialization.m */ = {isa = PBXFileReference; fileEncoding = 4; lastKnownFileType = sourcecode.c.objc; path = AFURLRequestSerialization.m; sourceTree = "<group>"; };
		B18F6F261C7D7F84008A0E63 /* AFURLResponseSerialization.h */ = {isa = PBXFileReference; fileEncoding = 4; lastKnownFileType = sourcecode.c.h; path = AFURLResponseSerialization.h; sourceTree = "<group>"; };
		B18F6F271C7D7F84008A0E63 /* AFURLResponseSerialization.m */ = {isa = PBXFileReference; fileEncoding = 4; lastKnownFileType = sourcecode.c.objc; path = AFURLResponseSerialization.m; sourceTree = "<group>"; };
		B18F6F281C7D7F84008A0E63 /* AFURLSessionManager.h */ = {isa = PBXFileReference; fileEncoding = 4; lastKnownFileType = sourcecode.c.h; path = AFURLSessionManager.h; sourceTree = "<group>"; };
		B18F6F291C7D7F84008A0E63 /* AFURLSessionManager.m */ = {isa = PBXFileReference; fileEncoding = 4; lastKnownFileType = sourcecode.c.objc; path = AFURLSessionManager.m; sourceTree = "<group>"; };
		B18F6F331C7D7FB3008A0E63 /* MobileCoreServices.framework */ = {isa = PBXFileReference; lastKnownFileType = wrapper.framework; name = MobileCoreServices.framework; path = System/Library/Frameworks/MobileCoreServices.framework; sourceTree = SDKROOT; };
		B18F6F351C7D7FBE008A0E63 /* Security.framework */ = {isa = PBXFileReference; lastKnownFileType = wrapper.framework; name = Security.framework; path = System/Library/Frameworks/Security.framework; sourceTree = SDKROOT; };
		B18F6F371C7D7FD2008A0E63 /* SystemConfiguration.framework */ = {isa = PBXFileReference; lastKnownFileType = wrapper.framework; name = SystemConfiguration.framework; path = System/Library/Frameworks/SystemConfiguration.framework; sourceTree = SDKROOT; };
		B1F695A81C7D8EEB00093E82 /* NSObject+JSONCategories.h */ = {isa = PBXFileReference; fileEncoding = 4; lastKnownFileType = sourcecode.c.h; path = "NSObject+JSONCategories.h"; sourceTree = "<group>"; };
		B1F695A91C7D8EEB00093E82 /* NSObject+JSONCategories.m */ = {isa = PBXFileReference; fileEncoding = 4; lastKnownFileType = sourcecode.c.objc; path = "NSObject+JSONCategories.m"; sourceTree = "<group>"; };
		B1F695AA1C7D8EEB00093E82 /* NSString+JSONCategories.h */ = {isa = PBXFileReference; fileEncoding = 4; lastKnownFileType = sourcecode.c.h; path = "NSString+JSONCategories.h"; sourceTree = "<group>"; };
		B1F695AB1C7D8EEB00093E82 /* NSString+JSONCategories.m */ = {isa = PBXFileReference; fileEncoding = 4; lastKnownFileType = sourcecode.c.objc; path = "NSString+JSONCategories.m"; sourceTree = "<group>"; };
		B1F695AF1C7D8F4300093E82 /* NSDictionary+JSONString.h */ = {isa = PBXFileReference; fileEncoding = 4; lastKnownFileType = sourcecode.c.h; path = "NSDictionary+JSONString.h"; sourceTree = "<group>"; };
		B1F695B01C7D8F4300093E82 /* NSDictionary+JSONString.m */ = {isa = PBXFileReference; fileEncoding = 4; lastKnownFileType = sourcecode.c.objc; path = "NSDictionary+JSONString.m"; sourceTree = "<group>"; };
		B1F695B11C7D8F4300093E82 /* NSDictionary+SafeAccess.h */ = {isa = PBXFileReference; fileEncoding = 4; lastKnownFileType = sourcecode.c.h; path = "NSDictionary+SafeAccess.h"; sourceTree = "<group>"; };
		B1F695B21C7D8F4300093E82 /* NSDictionary+SafeAccess.m */ = {isa = PBXFileReference; fileEncoding = 4; lastKnownFileType = sourcecode.c.objc; path = "NSDictionary+SafeAccess.m"; sourceTree = "<group>"; };
		B1F695B31C7D8F4300093E82 /* NSString+DictionaryValue.h */ = {isa = PBXFileReference; fileEncoding = 4; lastKnownFileType = sourcecode.c.h; path = "NSString+DictionaryValue.h"; sourceTree = "<group>"; };
		B1F695B41C7D8F4300093E82 /* NSString+DictionaryValue.m */ = {isa = PBXFileReference; fileEncoding = 4; lastKnownFileType = sourcecode.c.objc; path = "NSString+DictionaryValue.m"; sourceTree = "<group>"; };
		B1F695B51C7D8F4300093E82 /* NSString+Hash.h */ = {isa = PBXFileReference; fileEncoding = 4; lastKnownFileType = sourcecode.c.h; path = "NSString+Hash.h"; sourceTree = "<group>"; };
		B1F695B61C7D8F4300093E82 /* NSString+Hash.m */ = {isa = PBXFileReference; fileEncoding = 4; lastKnownFileType = sourcecode.c.objc; path = "NSString+Hash.m"; sourceTree = "<group>"; };
/* End PBXFileReference section */

/* Begin PBXFrameworksBuildPhase section */
		B142B0A81C7D7E7500443122 /* Frameworks */ = {
			isa = PBXFrameworksBuildPhase;
			buildActionMask = 2147483647;
			files = (
				B18F6F381C7D7FD2008A0E63 /* SystemConfiguration.framework in Frameworks */,
				B18F6F361C7D7FBE008A0E63 /* Security.framework in Frameworks */,
				B18F6F341C7D7FB3008A0E63 /* MobileCoreServices.framework in Frameworks */,
			);
			runOnlyForDeploymentPostprocessing = 0;
		};
/* End PBXFrameworksBuildPhase section */

/* Begin PBXGroup section */
		B142B0A21C7D7E7500443122 = {
			isa = PBXGroup;
			children = (
				B142B0AD1C7D7E7500443122 /* AFNetworkingTest */,
				B142B0AC1C7D7E7500443122 /* Products */,
			);
			sourceTree = "<group>";
		};
		B142B0AC1C7D7E7500443122 /* Products */ = {
			isa = PBXGroup;
			children = (
				B142B0AB1C7D7E7500443122 /* AFNetworkingTest.app */,
			);
			name = Products;
			sourceTree = "<group>";
		};
		B142B0AD1C7D7E7500443122 /* AFNetworkingTest */ = {
			isa = PBXGroup;
			children = (
				B18F6F161C7D7F84008A0E63 /* AFNetworking */,
				B142B0B11C7D7E7500443122 /* AppDelegate.h */,
				B142B0B21C7D7E7500443122 /* AppDelegate.m */,
				B142B0B41C7D7E7500443122 /* ViewController.h */,
				B142B0B51C7D7E7500443122 /* ViewController.m */,
				B1F695AE1C7D8F4300093E82 /* Category */,
				B142B0B71C7D7E7500443122 /* Main.storyboard */,
				B142B0BA1C7D7E7500443122 /* Assets.xcassets */,
				B1F695A81C7D8EEB00093E82 /* NSObject+JSONCategories.h */,
				B1F695A91C7D8EEB00093E82 /* NSObject+JSONCategories.m */,
				B1F695AA1C7D8EEB00093E82 /* NSString+JSONCategories.h */,
				B1F695AB1C7D8EEB00093E82 /* NSString+JSONCategories.m */,
				B142B0BC1C7D7E7500443122 /* LaunchScreen.storyboard */,
				B142B0BF1C7D7E7500443122 /* Info.plist */,
				B18F6F371C7D7FD2008A0E63 /* SystemConfiguration.framework */,
				B18F6F351C7D7FBE008A0E63 /* Security.framework */,
				B18F6F331C7D7FB3008A0E63 /* MobileCoreServices.framework */,
				B142B0AE1C7D7E7500443122 /* Supporting Files */,
			);
			path = AFNetworkingTest;
			sourceTree = "<group>";
		};
		B142B0AE1C7D7E7500443122 /* Supporting Files */ = {
			isa = PBXGroup;
			children = (
				B142B0AF1C7D7E7500443122 /* main.m */,
			);
			name = "Supporting Files";
			sourceTree = "<group>";
		};
		B18F6F161C7D7F84008A0E63 /* AFNetworking */ = {
			isa = PBXGroup;
			children = (
				B18F6F171C7D7F84008A0E63 /* AFHTTPRequestOperation.h */,
				B18F6F181C7D7F84008A0E63 /* AFHTTPRequestOperation.m */,
				B18F6F191C7D7F84008A0E63 /* AFHTTPRequestOperationManager.h */,
				B18F6F1A1C7D7F84008A0E63 /* AFHTTPRequestOperationManager.m */,
				B18F6F1B1C7D7F84008A0E63 /* AFHTTPSessionManager.h */,
				B18F6F1C1C7D7F84008A0E63 /* AFHTTPSessionManager.m */,
				B18F6F1D1C7D7F84008A0E63 /* AFNetworking.h */,
				B18F6F1E1C7D7F84008A0E63 /* AFNetworkReachabilityManager.h */,
				B18F6F1F1C7D7F84008A0E63 /* AFNetworkReachabilityManager.m */,
				B18F6F201C7D7F84008A0E63 /* AFSecurityPolicy.h */,
				B18F6F211C7D7F84008A0E63 /* AFSecurityPolicy.m */,
				B18F6F221C7D7F84008A0E63 /* AFURLConnectionOperation.h */,
				B18F6F231C7D7F84008A0E63 /* AFURLConnectionOperation.m */,
				B18F6F241C7D7F84008A0E63 /* AFURLRequestSerialization.h */,
				B18F6F251C7D7F84008A0E63 /* AFURLRequestSerialization.m */,
				B18F6F261C7D7F84008A0E63 /* AFURLResponseSerialization.h */,
				B18F6F271C7D7F84008A0E63 /* AFURLResponseSerialization.m */,
				B18F6F281C7D7F84008A0E63 /* AFURLSessionManager.h */,
				B18F6F291C7D7F84008A0E63 /* AFURLSessionManager.m */,
			);
			path = AFNetworking;
			sourceTree = "<group>";
		};
		B1F695AE1C7D8F4300093E82 /* Category */ = {
			isa = PBXGroup;
			children = (
				B1F695AF1C7D8F4300093E82 /* NSDictionary+JSONString.h */,
				B1F695B01C7D8F4300093E82 /* NSDictionary+JSONString.m */,
				B1F695B11C7D8F4300093E82 /* NSDictionary+SafeAccess.h */,
				B1F695B21C7D8F4300093E82 /* NSDictionary+SafeAccess.m */,
				B1F695B31C7D8F4300093E82 /* NSString+DictionaryValue.h */,
				B1F695B41C7D8F4300093E82 /* NSString+DictionaryValue.m */,
				B1F695B51C7D8F4300093E82 /* NSString+Hash.h */,
				B1F695B61C7D8F4300093E82 /* NSString+Hash.m */,
			);
			path = Category;
			sourceTree = "<group>";
		};
/* End PBXGroup section */

/* Begin PBXNativeTarget section */
		B142B0AA1C7D7E7500443122 /* AFNetworkingTest */ = {
			isa = PBXNativeTarget;
			buildConfigurationList = B142B0C21C7D7E7500443122 /* Build configuration list for PBXNativeTarget "AFNetworkingTest" */;
			buildPhases = (
				B142B0A71C7D7E7500443122 /* Sources */,
				B142B0A81C7D7E7500443122 /* Frameworks */,
				B142B0A91C7D7E7500443122 /* Resources */,
			);
			buildRules = (
			);
			dependencies = (
			);
			name = AFNetworkingTest;
			productName = AFNetworkingTest;
			productReference = B142B0AB1C7D7E7500443122 /* AFNetworkingTest.app */;
			productType = "com.apple.product-type.application";
		};
/* End PBXNativeTarget section */

/* Begin PBXProject section */
		B142B0A31C7D7E7500443122 /* Project object */ = {
			isa = PBXProject;
			attributes = {
				LastUpgradeCheck = 0710;
				ORGANIZATIONNAME = Fancy;
				TargetAttributes = {
					B142B0AA1C7D7E7500443122 = {
						CreatedOnToolsVersion = 7.1;
					};
				};
			};
			buildConfigurationList = B142B0A61C7D7E7500443122 /* Build configuration list for PBXProject "AFNetworkingTest" */;
			compatibilityVersion = "Xcode 3.2";
			developmentRegion = English;
			hasScannedForEncodings = 0;
			knownRegions = (
				en,
				Base,
			);
			mainGroup = B142B0A21C7D7E7500443122;
			productRefGroup = B142B0AC1C7D7E7500443122 /* Products */;
			projectDirPath = "";
			projectRoot = "";
			targets = (
				B142B0AA1C7D7E7500443122 /* AFNetworkingTest */,
			);
		};
/* End PBXProject section */

/* Begin PBXResourcesBuildPhase section */
		B142B0A91C7D7E7500443122 /* Resources */ = {
			isa = PBXResourcesBuildPhase;
			buildActionMask = 2147483647;
			files = (
				B142B0BE1C7D7E7500443122 /* LaunchScreen.storyboard in Resources */,
				B142B0BB1C7D7E7500443122 /* Assets.xcassets in Resources */,
				B142B0B91C7D7E7500443122 /* Main.storyboard in Resources */,
			);
			runOnlyForDeploymentPostprocessing = 0;
		};
/* End PBXResourcesBuildPhase section */

/* Begin PBXSourcesBuildPhase section */
		B142B0A71C7D7E7500443122 /* Sources */ = {
			isa = PBXSourcesBuildPhase;
			buildActionMask = 2147483647;
			files = (
				B1F695AC1C7D8EEB00093E82 /* NSObject+JSONCategories.m in Sources */,
				B1F695B71C7D8F4300093E82 /* NSDictionary+JSONString.m in Sources */,
				B18F6F2A1C7D7F84008A0E63 /* AFHTTPRequestOperation.m in Sources */,
				B142B0B61C7D7E7500443122 /* ViewController.m in Sources */,
				B18F6F2B1C7D7F84008A0E63 /* AFHTTPRequestOperationManager.m in Sources */,
				B18F6F2D1C7D7F84008A0E63 /* AFNetworkReachabilityManager.m in Sources */,
				B18F6F311C7D7F84008A0E63 /* AFURLResponseSerialization.m in Sources */,
				B1F695B81C7D8F4300093E82 /* NSDictionary+SafeAccess.m in Sources */,
				B18F6F2F1C7D7F84008A0E63 /* AFURLConnectionOperation.m in Sources */,
				B18F6F2E1C7D7F84008A0E63 /* AFSecurityPolicy.m in Sources */,
				B18F6F2C1C7D7F84008A0E63 /* AFHTTPSessionManager.m in Sources */,
				B18F6F301C7D7F84008A0E63 /* AFURLRequestSerialization.m in Sources */,
				B1F695B91C7D8F4300093E82 /* NSString+DictionaryValue.m in Sources */,
				B1F695BA1C7D8F4300093E82 /* NSString+Hash.m in Sources */,
				B18F6F321C7D7F84008A0E63 /* AFURLSessionManager.m in Sources */,
				B1F695AD1C7D8EEB00093E82 /* NSString+JSONCategories.m in Sources */,
				B142B0B31C7D7E7500443122 /* AppDelegate.m in Sources */,
				B142B0B01C7D7E7500443122 /* main.m in Sources */,
			);
			runOnlyForDeploymentPostprocessing = 0;
		};
/* End PBXSourcesBuildPhase section */

/* Begin PBXVariantGroup section */
		B142B0B71C7D7E7500443122 /* Main.storyboard */ = {
			isa = PBXVariantGroup;
			children = (
				B142B0B81C7D7E7500443122 /* Base */,
			);
			name = Main.storyboard;
			sourceTree = "<group>";
		};
		B142B0BC1C7D7E7500443122 /* LaunchScreen.storyboard */ = {
			isa = PBXVariantGroup;
			children = (
				B142B0BD1C7D7E7500443122 /* Base */,
			);
			name = LaunchScreen.storyboard;
			sourceTree = "<group>";
		};
/* End PBXVariantGroup section */

/* Begin XCBuildConfiguration section */
		B142B0C01C7D7E7500443122 /* Debug */ = {
			isa = XCBuildConfiguration;
			buildSettings = {
				ALWAYS_SEARCH_USER_PATHS = NO;
				CLANG_CXX_LANGUAGE_STANDARD = "gnu++0x";
				CLANG_CXX_LIBRARY = "libc++";
				CLANG_ENABLE_MODULES = YES;
				CLANG_ENABLE_OBJC_ARC = YES;
				CLANG_WARN_BOOL_CONVERSION = YES;
				CLANG_WARN_CONSTANT_CONVERSION = YES;
				CLANG_WARN_DIRECT_OBJC_ISA_USAGE = YES_ERROR;
				CLANG_WARN_EMPTY_BODY = YES;
				CLANG_WARN_ENUM_CONVERSION = YES;
				CLANG_WARN_INT_CONVERSION = YES;
				CLANG_WARN_OBJC_ROOT_CLASS = YES_ERROR;
				CLANG_WARN_UNREACHABLE_CODE = YES;
				CLANG_WARN__DUPLICATE_METHOD_MATCH = YES;
				"CODE_SIGN_IDENTITY[sdk=iphoneos*]" = "iPhone Developer";
				COPY_PHASE_STRIP = NO;
				DEBUG_INFORMATION_FORMAT = dwarf;
				ENABLE_STRICT_OBJC_MSGSEND = YES;
				ENABLE_TESTABILITY = YES;
				GCC_C_LANGUAGE_STANDARD = gnu99;
				GCC_DYNAMIC_NO_PIC = NO;
				GCC_NO_COMMON_BLOCKS = YES;
				GCC_OPTIMIZATION_LEVEL = 0;
				GCC_PREPROCESSOR_DEFINITIONS = (
					"DEBUG=1",
					"$(inherited)",
				);
				GCC_WARN_64_TO_32_BIT_CONVERSION = YES;
				GCC_WARN_ABOUT_RETURN_TYPE = YES_ERROR;
				GCC_WARN_UNDECLARED_SELECTOR = YES;
				GCC_WARN_UNINITIALIZED_AUTOS = YES_AGGRESSIVE;
				GCC_WARN_UNUSED_FUNCTION = YES;
				GCC_WARN_UNUSED_VARIABLE = YES;
				IPHONEOS_DEPLOYMENT_TARGET = 9.1;
				MTL_ENABLE_DEBUG_INFO = YES;
				ONLY_ACTIVE_ARCH = YES;
				SDKROOT = iphoneos;
			};
			name = Debug;
		};
		B142B0C11C7D7E7500443122 /* Release */ = {
			isa = XCBuildConfiguration;
			buildSettings = {
				ALWAYS_SEARCH_USER_PATHS = NO;
				CLANG_CXX_LANGUAGE_STANDARD = "gnu++0x";
				CLANG_CXX_LIBRARY = "libc++";
				CLANG_ENABLE_MODULES = YES;
				CLANG_ENABLE_OBJC_ARC = YES;
				CLANG_WARN_BOOL_CONVERSION = YES;
				CLANG_WARN_CONSTANT_CONVERSION = YES;
				CLANG_WARN_DIRECT_OBJC_ISA_USAGE = YES_ERROR;
				CLANG_WARN_EMPTY_BODY = YES;
				CLANG_WARN_ENUM_CONVERSION = YES;
				CLANG_WARN_INT_CONVERSION = YES;
				CLANG_WARN_OBJC_ROOT_CLASS = YES_ERROR;
				CLANG_WARN_UNREACHABLE_CODE = YES;
				CLANG_WARN__DUPLICATE_METHOD_MATCH = YES;
				"CODE_SIGN_IDENTITY[sdk=iphoneos*]" = "iPhone Developer";
				COPY_PHASE_STRIP = NO;
				DEBUG_INFORMATION_FORMAT = "dwarf-with-dsym";
				ENABLE_NS_ASSERTIONS = NO;
				ENABLE_STRICT_OBJC_MSGSEND = YES;
				GCC_C_LANGUAGE_STANDARD = gnu99;
				GCC_NO_COMMON_BLOCKS = YES;
				GCC_WARN_64_TO_32_BIT_CONVERSION = YES;
				GCC_WARN_ABOUT_RETURN_TYPE = YES_ERROR;
				GCC_WARN_UNDECLARED_SELECTOR = YES;
				GCC_WARN_UNINITIALIZED_AUTOS = YES_AGGRESSIVE;
				GCC_WARN_UNUSED_FUNCTION = YES;
				GCC_WARN_UNUSED_VARIABLE = YES;
				IPHONEOS_DEPLOYMENT_TARGET = 9.1;
				MTL_ENABLE_DEBUG_INFO = NO;
				SDKROOT = iphoneos;
				VALIDATE_PRODUCT = YES;
			};
			name = Release;
		};
		B142B0C31C7D7E7500443122 /* Debug */ = {
			isa = XCBuildConfiguration;
			buildSettings = {
				ASSETCATALOG_COMPILER_APPICON_NAME = AppIcon;
				INFOPLIST_FILE = AFNetworkingTest/Info.plist;
				IPHONEOS_DEPLOYMENT_TARGET = 8.0;
				LD_RUNPATH_SEARCH_PATHS = "$(inherited) @executable_path/Frameworks";
				PRODUCT_BUNDLE_IDENTIFIER = Fancy.AFNetworkingTest;
				PRODUCT_NAME = "$(TARGET_NAME)";
			};
			name = Debug;
		};
		B142B0C41C7D7E7500443122 /* Release */ = {
			isa = XCBuildConfiguration;
			buildSettings = {
				ASSETCATALOG_COMPILER_APPICON_NAME = AppIcon;
				INFOPLIST_FILE = AFNetworkingTest/Info.plist;
				IPHONEOS_DEPLOYMENT_TARGET = 8.0;
				LD_RUNPATH_SEARCH_PATHS = "$(inherited) @executable_path/Frameworks";
				PRODUCT_BUNDLE_IDENTIFIER = Fancy.AFNetworkingTest;
				PRODUCT_NAME = "$(TARGET_NAME)";
			};
			name = Release;
		};
/* End XCBuildConfiguration section */

/* Begin XCConfigurationList section */
		B142B0A61C7D7E7500443122 /* Build configuration list for PBXProject "AFNetworkingTest" */ = {
			isa = XCConfigurationList;
			buildConfigurations = (
				B142B0C01C7D7E7500443122 /* Debug */,
				B142B0C11C7D7E7500443122 /* Release */,
			);
			defaultConfigurationIsVisible = 0;
			defaultConfigurationName = Release;
		};
		B142B0C21C7D7E7500443122 /* Build configuration list for PBXNativeTarget "AFNetworkingTest" */ = {
			isa = XCConfigurationList;
			buildConfigurations = (
				B142B0C31C7D7E7500443122 /* Debug */,
				B142B0C41C7D7E7500443122 /* Release */,
			);
			defaultConfigurationIsVisible = 0;
			defaultConfigurationName = Release;
		};
/* End XCConfigurationList section */
	};
	rootObject = B142B0A31C7D7E7500443122 /* Project object */;
}
